
Microsoft Visual Studio Solution File, Format Version 12.00
# Visual Studio Version 16
VisualStudioVersion = 16.0.29102.190
MinimumVisualStudioVersion = 10.0.40219.1
Project("{FAE04EC0-301F-11D3-BF4B-00C04F79EFBC}") = "DisplayImages", "DisplayImages\DisplayImages.csproj", "{285219D4-34FE-42E9-AF50-45851C0E5182}"
EndProject
Global
	GlobalSection(SolutionConfigurationPlatforms) = preSolution
		Debug|Any CPU = Debug|Any CPU
		Release|Any CPU = Release|Any CPU
	EndGlobalSection
	GlobalSection(ProjectConfigurationPlatforms) = postSolution
		{285219D4-34FE-42E9-AF50-45851C0E5182}.Debug|Any CPU.ActiveCfg = Debug|Any CPU
		{285219D4-34FE-42E9-AF50-45851C0E5182}.Debug|Any CPU.Build.0 = Debug|Any CPU
		{285219D4-34FE-42E9-AF50-45851C0E5182}.Release|Any CPU.ActiveCfg = Release|Any CPU
		{285219D4-34FE-42E9-AF50-45851C0E5182}.Release|Any CPU.Build.0 = Release|Any CPU
	EndGlobalSection
	GlobalSection(SolutionProperties) = preSolution
		HideSolutionNode = FALSE
	EndGlobalSection
	GlobalSection(ExtensibilityGlobals) = postSolution
		SolutionGuid = {6961D247-208E-45F3-8C0F-57390ACB744E}
	EndGlobalSection
EndGlobal
